
Microsoft Visual Studio Solution File, Format Version 12.00
# Visual Studio 15
VisualStudioVersion = 15.0.28010.2046
MinimumVisualStudioVersion = 10.0.40219.1
Project("{FAE04EC0-301F-11D3-BF4B-00C04F79EFBC}") = "SignalRChat", "SignalRChat\SignalRChat.csproj", "{50DAE6AC-068F-4689-ADCD-6EBDCA391290}"
EndProject
Global
	GlobalSection(SolutionConfigurationPlatforms) = preSolution
		Debug|Any CPU = Debug|Any CPU
		Release|Any CPU = Release|Any CPU
	EndGlobalSection
	GlobalSection(ProjectConfigurationPlatforms) = postSolution
		{50DAE6AC-068F-4689-ADCD-6EBDCA391290}.Debug|Any CPU.ActiveCfg = Debug|Any CPU
		{50DAE6AC-068F-4689-ADCD-6EBDCA391290}.Debug|Any CPU.Build.0 = Debug|Any CPU
		{50DAE6AC-068F-4689-ADCD-6EBDCA391290}.Release|Any CPU.ActiveCfg = Release|Any CPU
		{50DAE6AC-068F-4689-ADCD-6EBDCA391290}.Release|Any CPU.Build.0 = Release|Any CPU
	EndGlobalSection
	GlobalSection(SolutionProperties) = preSolution
		HideSolutionNode = FALSE
	EndGlobalSection
	GlobalSection(ExtensibilityGlobals) = postSolution
		SolutionGuid = {B72900D5-D055-40F0-BA4F-540EA0AE75A1}
	EndGlobalSection
EndGlobal
